// !$*UTF8*$!
{
	archiveVersion = 1;
	classes = {
	};
	objectVersion = 56;
	objects = {

/* Begin PBXBuildFile section */
		FA72DA5D2B44ADBE00C1CCFA /* main.cpp in Sources */ = {isa = PBXBuildFile; fileRef = FA72DA5C2B44ADBE00C1CCFA /* main.cpp */; };
/* End PBXBuildFile section */

/* Begin PBXCopyFilesBuildPhase section */
		FA72DA572B44ADBE00C1CCFA /* CopyFiles */ = {
			isa = PBXCopyFilesBuildPhase;
			buildActionMask = 2147483647;
			dstPath = /usr/share/man/man1/;
			dstSubfolderSpec = 0;
			files = (
			);
			runOnlyForDeploymentPostprocessing = 1;
		};
/* End PBXCopyFilesBuildPhase section */

/* Begin PBXFileReference section */
		FA72DA592B44ADBE00C1CCFA /* AlgorithmVisual */ = {isa = PBXFileReference; explicitFileType = "compiled.mach-o.executable"; includeInIndex = 0; path = AlgorithmVisual; sourceTree = BUILT_PRODUCTS_DIR; };
		FA72DA5C2B44ADBE00C1CCFA /* main.cpp */ = {isa = PBXFileReference; lastKnownFileType = sourcecode.cpp.cpp; path = main.cpp; sourceTree = "<group>"; };
		FA72DA642B44ADFE00C1CCFA /* Algorithmic_Puzzles.hpp */ = {isa = PBXFileReference; lastKnownFileType = sourcecode.cpp.h; path = Algorithmic_Puzzles.hpp; sourceTree = "<group>"; };
		FA72DA672B44AE2C00C1CCFA /* Data_Compression.hpp */ = {isa = PBXFileReference; lastKnownFileType = sourcecode.cpp.h; path = Data_Compression.hpp; sourceTree = "<group>"; };
		FA72DA692B44AE6800C1CCFA /* Dynamic_Programming.hpp */ = {isa = PBXFileReference; lastKnownFileType = sourcecode.cpp.h; path = Dynamic_Programming.hpp; sourceTree = "<group>"; };
		FA72DA6B2B44AECC00C1CCFA /* Linked_List.hpp */ = {isa = PBXFileReference; lastKnownFileType = sourcecode.cpp.h; path = Linked_List.hpp; sourceTree = "<group>"; };
		FA72DA6D2B44AEEC00C1CCFA /* Graph_Algorithms.hpp */ = {isa = PBXFileReference; lastKnownFileType = sourcecode.cpp.h; path = Graph_Algorithms.hpp; sourceTree = "<group>"; };
		FA72DA6F2B44AF1400C1CCFA /* Machine_Learning_Basics.hpp */ = {isa = PBXFileReference; lastKnownFileType = sourcecode.cpp.h; path = Machine_Learning_Basics.hpp; sourceTree = "<group>"; };
		FA72DA712B44AF3400C1CCFA /* Matrix_Operations.hpp */ = {isa = PBXFileReference; lastKnownFileType = sourcecode.cpp.h; path = Matrix_Operations.hpp; sourceTree = "<group>"; };
		FA72DA762B44AF9300C1CCFA /* Quick_Sort.hpp */ = {isa = PBXFileReference; lastKnownFileType = sourcecode.cpp.h; path = Quick_Sort.hpp; sourceTree = "<group>"; };
/* End PBXFileReference section */

/* Begin PBXFrameworksBuildPhase section */
		FA72DA562B44ADBE00C1CCFA /* Frameworks */ = {
			isa = PBXFrameworksBuildPhase;
			buildActionMask = 2147483647;
			files = (
			);
			runOnlyForDeploymentPostprocessing = 0;
		};
/* End PBXFrameworksBuildPhase section */

/* Begin PBXGroup section */
		FA72DA502B44ADBE00C1CCFA = {
			isa = PBXGroup;
			children = (
				FA72DA762B44AF9300C1CCFA /* Quick_Sort.hpp */,
				FA72DA712B44AF3400C1CCFA /* Matrix_Operations.hpp */,
				FA72DA6F2B44AF1400C1CCFA /* Machine_Learning_Basics.hpp */,
				FA72DA6D2B44AEEC00C1CCFA /* Graph_Algorithms.hpp */,
				FA72DA6B2B44AECC00C1CCFA /* Linked_List.hpp */,
				FA72DA692B44AE6800C1CCFA /* Dynamic_Programming.hpp */,
				FA72DA672B44AE2C00C1CCFA /* Data_Compression.hpp */,
				FA72DA642B44ADFE00C1CCFA /* Algorithmic_Puzzles.hpp */,
				FA72DA5C2B44ADBE00C1CCFA /* main.cpp */,
				FA72DA5A2B44ADBE00C1CCFA /* Products */,
			);
			sourceTree = "<group>";
		};
		FA72DA5A2B44ADBE00C1CCFA /* Products */ = {
			isa = PBXGroup;
			children = (
				FA72DA592B44ADBE00C1CCFA /* AlgorithmVisual */,
			);
			name = Products;
			sourceTree = "<group>";
		};
/* End PBXGroup section */

/* Begin PBXNativeTarget section */
		FA72DA582B44ADBE00C1CCFA /* AlgorithmVisual */ = {
			isa = PBXNativeTarget;
			buildConfigurationList = FA72DA602B44ADBE00C1CCFA /* Build configuration list for PBXNativeTarget "AlgorithmVisual" */;
			buildPhases = (
				FA72DA552B44ADBE00C1CCFA /* Sources */,
				FA72DA562B44ADBE00C1CCFA /* Frameworks */,
				FA72DA572B44ADBE00C1CCFA /* CopyFiles */,
			);
			buildRules = (
			);
			dependencies = (
			);
			name = AlgorithmVisual;
			productName = AlgorithmVisual;
			productReference = FA72DA592B44ADBE00C1CCFA /* AlgorithmVisual */;
			productType = "com.apple.product-type.tool";
		};
/* End PBXNativeTarget section */

/* Begin PBXProject section */
		FA72DA512B44ADBE00C1CCFA /* Project object */ = {
			isa = PBXProject;
			attributes = {
				BuildIndependentTargetsInParallel = 1;
				LastUpgradeCheck = 1430;
				TargetAttributes = {
					FA72DA582B44ADBE00C1CCFA = {
						CreatedOnToolsVersion = 14.3.1;
					};
				};
			};
			buildConfigurationList = FA72DA542B44ADBE00C1CCFA /* Build configuration list for PBXProject "AlgorithmVisual" */;
			compatibilityVersion = "Xcode 14.0";
			developmentRegion = en;
			hasScannedForEncodings = 0;
			knownRegions = (
				en,
				Base,
			);
			mainGroup = FA72DA502B44ADBE00C1CCFA;
			productRefGroup = FA72DA5A2B44ADBE00C1CCFA /* Products */;
			projectDirPath = "";
			projectRoot = "";
			targets = (
				FA72DA582B44ADBE00C1CCFA /* AlgorithmVisual */,
			);
		};
/* End PBXProject section */

/* Begin PBXSourcesBuildPhase section */
		FA72DA552B44ADBE00C1CCFA /* Sources */ = {
			isa = PBXSourcesBuildPhase;
			buildActionMask = 2147483647;
			files = (
				FA72DA5D2B44ADBE00C1CCFA /* main.cpp in Sources */,
			);
			runOnlyForDeploymentPostprocessing = 0;
		};
/* End PBXSourcesBuildPhase section */

/* Begin XCBuildConfiguration section */
		FA72DA5E2B44ADBE00C1CCFA /* Debug */ = {
			isa = XCBuildConfiguration;
			buildSettings = {
				ALWAYS_SEARCH_USER_PATHS = NO;
				CLANG_ANALYZER_NONNULL = YES;
				CLANG_ANALYZER_NUMBER_OBJECT_CONVERSION = YES_AGGRESSIVE;
				CLANG_CXX_LANGUAGE_STANDARD = "gnu++20";
				CLANG_ENABLE_MODULES = YES;
				CLANG_ENABLE_OBJC_ARC = YES;
				CLANG_ENABLE_OBJC_WEAK = YES;
				CLANG_WARN_BLOCK_CAPTURE_AUTORELEASING = YES;
				CLANG_WARN_BOOL_CONVERSION = YES;
				CLANG_WARN_COMMA = YES;
				CLANG_WARN_CONSTANT_CONVERSION = YES;
				CLANG_WARN_DEPRECATED_OBJC_IMPLEMENTATIONS = YES;
				CLANG_WARN_DIRECT_OBJC_ISA_USAGE = YES_ERROR;
				CLANG_WARN_DOCUMENTATION_COMMENTS = YES;
				CLANG_WARN_EMPTY_BODY = YES;
				CLANG_WARN_ENUM_CONVERSION = YES;
				CLANG_WARN_INFINITE_RECURSION = YES;
				CLANG_WARN_INT_CONVERSION = YES;
				CLANG_WARN_NON_LITERAL_NULL_CONVERSION = YES;
				CLANG_WARN_OBJC_IMPLICIT_RETAIN_SELF = YES;
				CLANG_WARN_OBJC_LITERAL_CONVERSION = YES;
				CLANG_WARN_OBJC_ROOT_CLASS = YES_ERROR;
				CLANG_WARN_QUOTED_INCLUDE_IN_FRAMEWORK_HEADER = YES;
				CLANG_WARN_RANGE_LOOP_ANALYSIS = YES;
				CLANG_WARN_STRICT_PROTOTYPES = YES;
				CLANG_WARN_SUSPICIOUS_MOVE = YES;
				CLANG_WARN_UNGUARDED_AVAILABILITY = YES_AGGRESSIVE;
				CLANG_WARN_UNREACHABLE_CODE = YES;
				CLANG_WARN__DUPLICATE_METHOD_MATCH = YES;
				COPY_PHASE_STRIP = NO;
				DEBUG_INFORMATION_FORMAT = dwarf;
				ENABLE_STRICT_OBJC_MSGSEND = YES;
				ENABLE_TESTABILITY = YES;
				GCC_C_LANGUAGE_STANDARD = gnu11;
				GCC_DYNAMIC_NO_PIC = NO;
				GCC_NO_COMMON_BLOCKS = YES;
				GCC_OPTIMIZATION_LEVEL = 0;
				GCC_PREPROCESSOR_DEFINITIONS = (
					"DEBUG=1",
					"$(inherited)",
				);
				GCC_WARN_64_TO_32_BIT_CONVERSION = YES;
				GCC_WARN_ABOUT_RETURN_TYPE = YES_ERROR;
				GCC_WARN_UNDECLARED_SELECTOR = YES;
				GCC_WARN_UNINITIALIZED_AUTOS = YES_AGGRESSIVE;
				GCC_WARN_UNUSED_FUNCTION = YES;
				GCC_WARN_UNUSED_VARIABLE = YES;
				MACOSX_DEPLOYMENT_TARGET = 13.3;
				MTL_ENABLE_DEBUG_INFO = INCLUDE_SOURCE;
				MTL_FAST_MATH = YES;
				ONLY_ACTIVE_ARCH = YES;
				SDKROOT = macosx;
			};
			name = Debug;
		};
		FA72DA5F2B44ADBE00C1CCFA /* Release */ = {
			isa = XCBuildConfiguration;
			buildSettings = {
				ALWAYS_SEARCH_USER_PATHS = NO;
				CLANG_ANALYZER_NONNULL = YES;
				CLANG_ANALYZER_NUMBER_OBJECT_CONVERSION = YES_AGGRESSIVE;
				CLANG_CXX_LANGUAGE_STANDARD = "gnu++20";
				CLANG_ENABLE_MODULES = YES;
				CLANG_ENABLE_OBJC_ARC = YES;
				CLANG_ENABLE_OBJC_WEAK = YES;
				CLANG_WARN_BLOCK_CAPTURE_AUTORELEASING = YES;
				CLANG_WARN_BOOL_CONVERSION = YES;
				CLANG_WARN_COMMA = YES;
				CLANG_WARN_CONSTANT_CONVERSION = YES;
				CLANG_WARN_DEPRECATED_OBJC_IMPLEMENTATIONS = YES;
				CLANG_WARN_DIRECT_OBJC_ISA_USAGE = YES_ERROR;
				CLANG_WARN_DOCUMENTATION_COMMENTS = YES;
				CLANG_WARN_EMPTY_BODY = YES;
				CLANG_WARN_ENUM_CONVERSION = YES;
				CLANG_WARN_INFINITE_RECURSION = YES;
				CLANG_WARN_INT_CONVERSION = YES;
				CLANG_WARN_NON_LITERAL_NULL_CONVERSION = YES;
				CLANG_WARN_OBJC_IMPLICIT_RETAIN_SELF = YES;
				CLANG_WARN_OBJC_LITERAL_CONVERSION = YES;
				CLANG_WARN_OBJC_ROOT_CLASS = YES_ERROR;
				CLANG_WARN_QUOTED_INCLUDE_IN_FRAMEWORK_HEADER = YES;
				CLANG_WARN_RANGE_LOOP_ANALYSIS = YES;
				CLANG_WARN_STRICT_PROTOTYPES = YES;
				CLANG_WARN_SUSPICIOUS_MOVE = YES;
				CLANG_WARN_UNGUARDED_AVAILABILITY = YES_AGGRESSIVE;
				CLANG_WARN_UNREACHABLE_CODE = YES;
				CLANG_WARN__DUPLICATE_METHOD_MATCH = YES;
				COPY_PHASE_STRIP = NO;
				DEBUG_INFORMATION_FORMAT = "dwarf-with-dsym";
				ENABLE_NS_ASSERTIONS = NO;
				ENABLE_STRICT_OBJC_MSGSEND = YES;
				GCC_C_LANGUAGE_STANDARD = gnu11;
				GCC_NO_COMMON_BLOCKS = YES;
				GCC_WARN_64_TO_32_BIT_CONVERSION = YES;
				GCC_WARN_ABOUT_RETURN_TYPE = YES_ERROR;
				GCC_WARN_UNDECLARED_SELECTOR = YES;
				GCC_WARN_UNINITIALIZED_AUTOS = YES_AGGRESSIVE;
				GCC_WARN_UNUSED_FUNCTION = YES;
				GCC_WARN_UNUSED_VARIABLE = YES;
				MACOSX_DEPLOYMENT_TARGET = 13.3;
				MTL_ENABLE_DEBUG_INFO = NO;
				MTL_FAST_MATH = YES;
				SDKROOT = macosx;
			};
			name = Release;
		};
		FA72DA612B44ADBE00C1CCFA /* Debug */ = {
			isa = XCBuildConfiguration;
			buildSettings = {
				CODE_SIGN_STYLE = Automatic;
				PRODUCT_NAME = "$(TARGET_NAME)";
			};
			name = Debug;
		};
		FA72DA622B44ADBE00C1CCFA /* Release */ = {
			isa = XCBuildConfiguration;
			buildSettings = {
				CODE_SIGN_STYLE = Automatic;
				PRODUCT_NAME = "$(TARGET_NAME)";
			};
			name = Release;
		};
/* End XCBuildConfiguration section */

/* Begin XCConfigurationList section */
		FA72DA542B44ADBE00C1CCFA /* Build configuration list for PBXProject "AlgorithmVisual" */ = {
			isa = XCConfigurationList;
			buildConfigurations = (
				FA72DA5E2B44ADBE00C1CCFA /* Debug */,
				FA72DA5F2B44ADBE00C1CCFA /* Release */,
			);
			defaultConfigurationIsVisible = 0;
			defaultConfigurationName = Release;
		};
		FA72DA602B44ADBE00C1CCFA /* Build configuration list for PBXNativeTarget "AlgorithmVisual" */ = {
			isa = XCConfigurationList;
			buildConfigurations = (
				FA72DA612B44ADBE00C1CCFA /* Debug */,
				FA72DA622B44ADBE00C1CCFA /* Release */,
			);
			defaultConfigurationIsVisible = 0;
			defaultConfigurationName = Release;
		};
/* End XCConfigurationList section */
	};
	rootObject = FA72DA512B44ADBE00C1CCFA /* Project object */;
}
